// !$*UTF8*$!
{
	archiveVersion = 1;
	classes = {
	};
	objectVersion = 56;
	objects = {

/* Begin PBXBuildFile section */
		365C1BFA2C2D85D6003B884C /* CrosswordApp.swift in Sources */ = {isa = PBXBuildFile; fileRef = 365C1BF92C2D85D6003B884C /* CrosswordApp.swift */; };
		365C1BFC2C2D85D6003B884C /* ContentView.swift in Sources */ = {isa = PBXBuildFile; fileRef = 365C1BFB2C2D85D6003B884C /* ContentView.swift */; };
		365C1C002C2D85D8003B884C /* Assets.xcassets in Resources */ = {isa = PBXBuildFile; fileRef = 365C1BFF2C2D85D8003B884C /* Assets.xcassets */; };
		365C1C032C2D85D8003B884C /* Preview Assets.xcassets in Resources */ = {isa = PBXBuildFile; fileRef = 365C1C022C2D85D8003B884C /* Preview Assets.xcassets */; };
		365C1C0D2C2D85D8003B884C /* CrosswordTests.swift in Sources */ = {isa = PBXBuildFile; fileRef = 365C1C0C2C2D85D8003B884C /* CrosswordTests.swift */; };
		365C1C172C2D85D8003B884C /* CrosswordUITests.swift in Sources */ = {isa = PBXBuildFile; fileRef = 365C1C162C2D85D8003B884C /* CrosswordUITests.swift */; };
		365C1C192C2D85D8003B884C /* CrosswordUITestsLaunchTests.swift in Sources */ = {isa = PBXBuildFile; fileRef = 365C1C182C2D85D8003B884C /* CrosswordUITestsLaunchTests.swift */; };
		365C1C262C2D861C003B884C /* CrosswordItem.swift in Sources */ = {isa = PBXBuildFile; fileRef = 365C1C252C2D861C003B884C /* CrosswordItem.swift */; };
/* End PBXBuildFile section */

/* Begin PBXContainerItemProxy section */
		365C1C092C2D85D8003B884C /* PBXContainerItemProxy */ = {
			isa = PBXContainerItemProxy;
			containerPortal = 365C1BEE2C2D85D6003B884C /* Project object */;
			proxyType = 1;
			remoteGlobalIDString = 365C1BF52C2D85D6003B884C;
			remoteInfo = Crossword;
		};
		365C1C132C2D85D8003B884C /* PBXContainerItemProxy */ = {
			isa = PBXContainerItemProxy;
			containerPortal = 365C1BEE2C2D85D6003B884C /* Project object */;
			proxyType = 1;
			remoteGlobalIDString = 365C1BF52C2D85D6003B884C;
			remoteInfo = Crossword;
		};
/* End PBXContainerItemProxy section */

/* Begin PBXFileReference section */
		365C1BF62C2D85D6003B884C /* Crossword.app */ = {isa = PBXFileReference; explicitFileType = wrapper.application; includeInIndex = 0; path = Crossword.app; sourceTree = BUILT_PRODUCTS_DIR; };
		365C1BF92C2D85D6003B884C /* CrosswordApp.swift */ = {isa = PBXFileReference; lastKnownFileType = sourcecode.swift; path = CrosswordApp.swift; sourceTree = "<group>"; };
		365C1BFB2C2D85D6003B884C /* ContentView.swift */ = {isa = PBXFileReference; lastKnownFileType = sourcecode.swift; path = ContentView.swift; sourceTree = "<group>"; };
		365C1BFF2C2D85D8003B884C /* Assets.xcassets */ = {isa = PBXFileReference; lastKnownFileType = folder.assetcatalog; path = Assets.xcassets; sourceTree = "<group>"; };
		365C1C022C2D85D8003B884C /* Preview Assets.xcassets */ = {isa = PBXFileReference; lastKnownFileType = folder.assetcatalog; path = "Preview Assets.xcassets"; sourceTree = "<group>"; };
		365C1C082C2D85D8003B884C /* CrosswordTests.xctest */ = {isa = PBXFileReference; explicitFileType = wrapper.cfbundle; includeInIndex = 0; path = CrosswordTests.xctest; sourceTree = BUILT_PRODUCTS_DIR; };
		365C1C0C2C2D85D8003B884C /* CrosswordTests.swift */ = {isa = PBXFileReference; lastKnownFileType = sourcecode.swift; path = CrosswordTests.swift; sourceTree = "<group>"; };
		365C1C122C2D85D8003B884C /* CrosswordUITests.xctest */ = {isa = PBXFileReference; explicitFileType = wrapper.cfbundle; includeInIndex = 0; path = CrosswordUITests.xctest; sourceTree = BUILT_PRODUCTS_DIR; };
		365C1C162C2D85D8003B884C /* CrosswordUITests.swift */ = {isa = PBXFileReference; lastKnownFileType = sourcecode.swift; path = CrosswordUITests.swift; sourceTree = "<group>"; };
		365C1C182C2D85D8003B884C /* CrosswordUITestsLaunchTests.swift */ = {isa = PBXFileReference; lastKnownFileType = sourcecode.swift; path = CrosswordUITestsLaunchTests.swift; sourceTree = "<group>"; };
		365C1C252C2D861C003B884C /* CrosswordItem.swift */ = {isa = PBXFileReference; lastKnownFileType = sourcecode.swift; path = CrosswordItem.swift; sourceTree = "<group>"; };
/* End PBXFileReference section */

/* Begin PBXFrameworksBuildPhase section */
		365C1BF32C2D85D6003B884C /* Frameworks */ = {
			isa = PBXFrameworksBuildPhase;
			buildActionMask = 2147483647;
			files = (
			);
			runOnlyForDeploymentPostprocessing = 0;
		};
		365C1C052C2D85D8003B884C /* Frameworks */ = {
			isa = PBXFrameworksBuildPhase;
			buildActionMask = 2147483647;
			files = (
			);
			runOnlyForDeploymentPostprocessing = 0;
		};
		365C1C0F2C2D85D8003B884C /* Frameworks */ = {
			isa = PBXFrameworksBuildPhase;
			buildActionMask = 2147483647;
			files = (
			);
			runOnlyForDeploymentPostprocessing = 0;
		};
/* End PBXFrameworksBuildPhase section */

/* Begin PBXGroup section */
		365C1BED2C2D85D6003B884C = {
			isa = PBXGroup;
			children = (
				365C1BF82C2D85D6003B884C /* Crossword */,
				365C1C0B2C2D85D8003B884C /* CrosswordTests */,
				365C1C152C2D85D8003B884C /* CrosswordUITests */,
				365C1BF72C2D85D6003B884C /* Products */,
			);
			sourceTree = "<group>";
		};
		365C1BF72C2D85D6003B884C /* Products */ = {
			isa = PBXGroup;
			children = (
				365C1BF62C2D85D6003B884C /* Crossword.app */,
				365C1C082C2D85D8003B884C /* CrosswordTests.xctest */,
				365C1C122C2D85D8003B884C /* CrosswordUITests.xctest */,
			);
			name = Products;
			sourceTree = "<group>";
		};
		365C1BF82C2D85D6003B884C /* Crossword */ = {
			isa = PBXGroup;
			children = (
				365C1BF92C2D85D6003B884C /* CrosswordApp.swift */,
				365C1BFB2C2D85D6003B884C /* ContentView.swift */,
				365C1C252C2D861C003B884C /* CrosswordItem.swift */,
				365C1BFF2C2D85D8003B884C /* Assets.xcassets */,
				365C1C012C2D85D8003B884C /* Preview Content */,
			);
			path = Crossword;
			sourceTree = "<group>";
		};
		365C1C012C2D85D8003B884C /* Preview Content */ = {
			isa = PBXGroup;
			children = (
				365C1C022C2D85D8003B884C /* Preview Assets.xcassets */,
			);
			path = "Preview Content";
			sourceTree = "<group>";
		};
		365C1C0B2C2D85D8003B884C /* CrosswordTests */ = {
			isa = PBXGroup;
			children = (
				365C1C0C2C2D85D8003B884C /* CrosswordTests.swift */,
			);
			path = CrosswordTests;
			sourceTree = "<group>";
		};
		365C1C152C2D85D8003B884C /* CrosswordUITests */ = {
			isa = PBXGroup;
			children = (
				365C1C162C2D85D8003B884C /* CrosswordUITests.swift */,
				365C1C182C2D85D8003B884C /* CrosswordUITestsLaunchTests.swift */,
			);
			path = CrosswordUITests;
			sourceTree = "<group>";
		};
/* End PBXGroup section */

/* Begin PBXNativeTarget section */
		365C1BF52C2D85D6003B884C /* Crossword */ = {
			isa = PBXNativeTarget;
			buildConfigurationList = 365C1C1C2C2D85D8003B884C /* Build configuration list for PBXNativeTarget "Crossword" */;
			buildPhases = (
				365C1BF22C2D85D6003B884C /* Sources */,
				365C1BF32C2D85D6003B884C /* Frameworks */,
				365C1BF42C2D85D6003B884C /* Resources */,
			);
			buildRules = (
			);
			dependencies = (
			);
			name = Crossword;
			productName = Crossword;
			productReference = 365C1BF62C2D85D6003B884C /* Crossword.app */;
			productType = "com.apple.product-type.application";
		};
		365C1C072C2D85D8003B884C /* CrosswordTests */ = {
			isa = PBXNativeTarget;
			buildConfigurationList = 365C1C1F2C2D85D8003B884C /* Build configuration list for PBXNativeTarget "CrosswordTests" */;
			buildPhases = (
				365C1C042C2D85D8003B884C /* Sources */,
				365C1C052C2D85D8003B884C /* Frameworks */,
				365C1C062C2D85D8003B884C /* Resources */,
			);
			buildRules = (
			);
			dependencies = (
				365C1C0A2C2D85D8003B884C /* PBXTargetDependency */,
			);
			name = CrosswordTests;
			productName = CrosswordTests;
			productReference = 365C1C082C2D85D8003B884C /* CrosswordTests.xctest */;
			productType = "com.apple.product-type.bundle.unit-test";
		};
		365C1C112C2D85D8003B884C /* CrosswordUITests */ = {
			isa = PBXNativeTarget;
			buildConfigurationList = 365C1C222C2D85D8003B884C /* Build configuration list for PBXNativeTarget "CrosswordUITests" */;
			buildPhases = (
				365C1C0E2C2D85D8003B884C /* Sources */,
				365C1C0F2C2D85D8003B884C /* Frameworks */,
				365C1C102C2D85D8003B884C /* Resources */,
			);
			buildRules = (
			);
			dependencies = (
				365C1C142C2D85D8003B884C /* PBXTargetDependency */,
			);
			name = CrosswordUITests;
			productName = CrosswordUITests;
			productReference = 365C1C122C2D85D8003B884C /* CrosswordUITests.xctest */;
			productType = "com.apple.product-type.bundle.ui-testing";
		};
/* End PBXNativeTarget section */

/* Begin PBXProject section */
		365C1BEE2C2D85D6003B884C /* Project object */ = {
			isa = PBXProject;
			attributes = {
				BuildIndependentTargetsInParallel = 1;
				LastSwiftUpdateCheck = 1500;
				LastUpgradeCheck = 1500;
				TargetAttributes = {
					365C1BF52C2D85D6003B884C = {
						CreatedOnToolsVersion = 15.0.1;
					};
					365C1C072C2D85D8003B884C = {
						CreatedOnToolsVersion = 15.0.1;
						TestTargetID = 365C1BF52C2D85D6003B884C;
					};
					365C1C112C2D85D8003B884C = {
						CreatedOnToolsVersion = 15.0.1;
						TestTargetID = 365C1BF52C2D85D6003B884C;
					};
				};
			};
			buildConfigurationList = 365C1BF12C2D85D6003B884C /* Build configuration list for PBXProject "Crossword" */;
			compatibilityVersion = "Xcode 14.0";
			developmentRegion = en;
			hasScannedForEncodings = 0;
			knownRegions = (
				en,
				Base,
			);
			mainGroup = 365C1BED2C2D85D6003B884C;
			productRefGroup = 365C1BF72C2D85D6003B884C /* Products */;
			projectDirPath = "";
			projectRoot = "";
			targets = (
				365C1BF52C2D85D6003B884C /* Crossword */,
				365C1C072C2D85D8003B884C /* CrosswordTests */,
				365C1C112C2D85D8003B884C /* CrosswordUITests */,
			);
		};
/* End PBXProject section */

/* Begin PBXResourcesBuildPhase section */
		365C1BF42C2D85D6003B884C /* Resources */ = {
			isa = PBXResourcesBuildPhase;
			buildActionMask = 2147483647;
			files = (
				365C1C032C2D85D8003B884C /* Preview Assets.xcassets in Resources */,
				365C1C002C2D85D8003B884C /* Assets.xcassets in Resources */,
			);
			runOnlyForDeploymentPostprocessing = 0;
		};
		365C1C062C2D85D8003B884C /* Resources */ = {
			isa = PBXResourcesBuildPhase;
			buildActionMask = 2147483647;
			files = (
			);
			runOnlyForDeploymentPostprocessing = 0;
		};
		365C1C102C2D85D8003B884C /* Resources */ = {
			isa = PBXResourcesBuildPhase;
			buildActionMask = 2147483647;
			files = (
			);
			runOnlyForDeploymentPostprocessing = 0;
		};
/* End PBXResourcesBuildPhase section */

/* Begin PBXSourcesBuildPhase section */
		365C1BF22C2D85D6003B884C /* Sources */ = {
			isa = PBXSourcesBuildPhase;
			buildActionMask = 2147483647;
			files = (
				365C1BFC2C2D85D6003B884C /* ContentView.swift in Sources */,
				365C1BFA2C2D85D6003B884C /* CrosswordApp.swift in Sources */,
				365C1C262C2D861C003B884C /* CrosswordItem.swift in Sources */,
			);
			runOnlyForDeploymentPostprocessing = 0;
		};
		365C1C042C2D85D8003B884C /* Sources */ = {
			isa = PBXSourcesBuildPhase;
			buildActionMask = 2147483647;
			files = (
				365C1C0D2C2D85D8003B884C /* CrosswordTests.swift in Sources */,
			);
			runOnlyForDeploymentPostprocessing = 0;
		};
		365C1C0E2C2D85D8003B884C /* Sources */ = {
			isa = PBXSourcesBuildPhase;
			buildActionMask = 2147483647;
			files = (
				365C1C172C2D85D8003B884C /* CrosswordUITests.swift in Sources */,
				365C1C192C2D85D8003B884C /* CrosswordUITestsLaunchTests.swift in Sources */,
			);
			runOnlyForDeploymentPostprocessing = 0;
		};
/* End PBXSourcesBuildPhase section */

/* Begin PBXTargetDependency section */
		365C1C0A2C2D85D8003B884C /* PBXTargetDependency */ = {
			isa = PBXTargetDependency;
			target = 365C1BF52C2D85D6003B884C /* Crossword */;
			targetProxy = 365C1C092C2D85D8003B884C /* PBXContainerItemProxy */;
		};
		365C1C142C2D85D8003B884C /* PBXTargetDependency */ = {
			isa = PBXTargetDependency;
			target = 365C1BF52C2D85D6003B884C /* Crossword */;
			targetProxy = 365C1C132C2D85D8003B884C /* PBXContainerItemProxy */;
		};
/* End PBXTargetDependency section */

/* Begin XCBuildConfiguration section */
		365C1C1A2C2D85D8003B884C /* Debug */ = {
			isa = XCBuildConfiguration;
			buildSettings = {
				ALWAYS_SEARCH_USER_PATHS = NO;
				ASSETCATALOG_COMPILER_GENERATE_SWIFT_ASSET_SYMBOL_EXTENSIONS = YES;
				CLANG_ANALYZER_NONNULL = YES;
				CLANG_ANALYZER_NUMBER_OBJECT_CONVERSION = YES_AGGRESSIVE;
				CLANG_CXX_LANGUAGE_STANDARD = "gnu++20";
				CLANG_ENABLE_MODULES = YES;
				CLANG_ENABLE_OBJC_ARC = YES;
				CLANG_ENABLE_OBJC_WEAK = YES;
				CLANG_WARN_BLOCK_CAPTURE_AUTORELEASING = YES;
				CLANG_WARN_BOOL_CONVERSION = YES;
				CLANG_WARN_COMMA = YES;
				CLANG_WARN_CONSTANT_CONVERSION = YES;
				CLANG_WARN_DEPRECATED_OBJC_IMPLEMENTATIONS = YES;
				CLANG_WARN_DIRECT_OBJC_ISA_USAGE = YES_ERROR;
				CLANG_WARN_DOCUMENTATION_COMMENTS = YES;
				CLANG_WARN_EMPTY_BODY = YES;
				CLANG_WARN_ENUM_CONVERSION = YES;
				CLANG_WARN_INFINITE_RECURSION = YES;
				CLANG_WARN_INT_CONVERSION = YES;
				CLANG_WARN_NON_LITERAL_NULL_CONVERSION = YES;
				CLANG_WARN_OBJC_IMPLICIT_RETAIN_SELF = YES;
				CLANG_WARN_OBJC_LITERAL_CONVERSION = YES;
				CLANG_WARN_OBJC_ROOT_CLASS = YES_ERROR;
				CLANG_WARN_QUOTED_INCLUDE_IN_FRAMEWORK_HEADER = YES;
				CLANG_WARN_RANGE_LOOP_ANALYSIS = YES;
				CLANG_WARN_STRICT_PROTOTYPES = YES;
				CLANG_WARN_SUSPICIOUS_MOVE = YES;
				CLANG_WARN_UNGUARDED_AVAILABILITY = YES_AGGRESSIVE;
				CLANG_WARN_UNREACHABLE_CODE = YES;
				CLANG_WARN__DUPLICATE_METHOD_MATCH = YES;
				COPY_PHASE_STRIP = NO;
				DEBUG_INFORMATION_FORMAT = dwarf;
				ENABLE_STRICT_OBJC_MSGSEND = YES;
				ENABLE_TESTABILITY = YES;
				ENABLE_USER_SCRIPT_SANDBOXING = YES;
				GCC_C_LANGUAGE_STANDARD = gnu17;
				GCC_DYNAMIC_NO_PIC = NO;
				GCC_NO_COMMON_BLOCKS = YES;
				GCC_OPTIMIZATION_LEVEL = 0;
				GCC_PREPROCESSOR_DEFINITIONS = (
					"DEBUG=1",
					"$(inherited)",
				);
				GCC_WARN_64_TO_32_BIT_CONVERSION = YES;
				GCC_WARN_ABOUT_RETURN_TYPE = YES_ERROR;
				GCC_WARN_UNDECLARED_SELECTOR = YES;
				GCC_WARN_UNINITIALIZED_AUTOS = YES_AGGRESSIVE;
				GCC_WARN_UNUSED_FUNCTION = YES;
				GCC_WARN_UNUSED_VARIABLE = YES;
				IPHONEOS_DEPLOYMENT_TARGET = 17.0;
				LOCALIZATION_PREFERS_STRING_CATALOGS = YES;
				MTL_ENABLE_DEBUG_INFO = INCLUDE_SOURCE;
				MTL_FAST_MATH = YES;
				ONLY_ACTIVE_ARCH = YES;
				SDKROOT = iphoneos;
				SWIFT_ACTIVE_COMPILATION_CONDITIONS = "DEBUG $(inherited)";
				SWIFT_OPTIMIZATION_LEVEL = "-Onone";
			};
			name = Debug;
		};
		365C1C1B2C2D85D8003B884C /* Release */ = {
			isa = XCBuildConfiguration;
			buildSettings = {
				ALWAYS_SEARCH_USER_PATHS = NO;
				ASSETCATALOG_COMPILER_GENERATE_SWIFT_ASSET_SYMBOL_EXTENSIONS = YES;
				CLANG_ANALYZER_NONNULL = YES;
				CLANG_ANALYZER_NUMBER_OBJECT_CONVERSION = YES_AGGRESSIVE;
				CLANG_CXX_LANGUAGE_STANDARD = "gnu++20";
				CLANG_ENABLE_MODULES = YES;
				CLANG_ENABLE_OBJC_ARC = YES;
				CLANG_ENABLE_OBJC_WEAK = YES;
				CLANG_WARN_BLOCK_CAPTURE_AUTORELEASING = YES;
				CLANG_WARN_BOOL_CONVERSION = YES;
				CLANG_WARN_COMMA = YES;
				CLANG_WARN_CONSTANT_CONVERSION = YES;
				CLANG_WARN_DEPRECATED_OBJC_IMPLEMENTATIONS = YES;
				CLANG_WARN_DIRECT_OBJC_ISA_USAGE = YES_ERROR;
				CLANG_WARN_DOCUMENTATION_COMMENTS = YES;
				CLANG_WARN_EMPTY_BODY = YES;
				CLANG_WARN_ENUM_CONVERSION = YES;
				CLANG_WARN_INFINITE_RECURSION = YES;
				CLANG_WARN_INT_CONVERSION = YES;
				CLANG_WARN_NON_LITERAL_NULL_CONVERSION = YES;
				CLANG_WARN_OBJC_IMPLICIT_RETAIN_SELF = YES;
				CLANG_WARN_OBJC_LITERAL_CONVERSION = YES;
				CLANG_WARN_OBJC_ROOT_CLASS = YES_ERROR;
				CLANG_WARN_QUOTED_INCLUDE_IN_FRAMEWORK_HEADER = YES;
				CLANG_WARN_RANGE_LOOP_ANALYSIS = YES;
				CLANG_WARN_STRICT_PROTOTYPES = YES;
				CLANG_WARN_SUSPICIOUS_MOVE = YES;
				CLANG_WARN_UNGUARDED_AVAILABILITY = YES_AGGRESSIVE;
				CLANG_WARN_UNREACHABLE_CODE = YES;
				CLANG_WARN__DUPLICATE_METHOD_MATCH = YES;
				COPY_PHASE_STRIP = NO;
				DEBUG_INFORMATION_FORMAT = "dwarf-with-dsym";
				ENABLE_NS_ASSERTIONS = NO;
				ENABLE_STRICT_OBJC_MSGSEND = YES;
				ENABLE_USER_SCRIPT_SANDBOXING = YES;
				GCC_C_LANGUAGE_STANDARD = gnu17;
				GCC_NO_COMMON_BLOCKS = YES;
				GCC_WARN_64_TO_32_BIT_CONVERSION = YES;
				GCC_WARN_ABOUT_RETURN_TYPE = YES_ERROR;
				GCC_WARN_UNDECLARED_SELECTOR = YES;
				GCC_WARN_UNINITIALIZED_AUTOS = YES_AGGRESSIVE;
				GCC_WARN_UNUSED_FUNCTION = YES;
				GCC_WARN_UNUSED_VARIABLE = YES;
				IPHONEOS_DEPLOYMENT_TARGET = 17.0;
				LOCALIZATION_PREFERS_STRING_CATALOGS = YES;
				MTL_ENABLE_DEBUG_INFO = NO;
				MTL_FAST_MATH = YES;
				SDKROOT = iphoneos;
				SWIFT_COMPILATION_MODE = wholemodule;
				VALIDATE_PRODUCT = YES;
			};
			name = Release;
		};
		365C1C1D2C2D85D8003B884C /* Debug */ = {
			isa = XCBuildConfiguration;
			buildSettings = {
				ASSETCATALOG_COMPILER_APPICON_NAME = AppIcon;
				ASSETCATALOG_COMPILER_GLOBAL_ACCENT_COLOR_NAME = AccentColor;
				CODE_SIGN_STYLE = Automatic;
				CURRENT_PROJECT_VERSION = 1;
				DEVELOPMENT_ASSET_PATHS = "\"Crossword/Preview Content\"";
				DEVELOPMENT_TEAM = KM89XCVX94;
				ENABLE_PREVIEWS = YES;
				GENERATE_INFOPLIST_FILE = YES;
				INFOPLIST_KEY_UIApplicationSceneManifest_Generation = YES;
				INFOPLIST_KEY_UIApplicationSupportsIndirectInputEvents = YES;
				INFOPLIST_KEY_UILaunchScreen_Generation = YES;
				INFOPLIST_KEY_UISupportedInterfaceOrientations_iPad = "UIInterfaceOrientationPortrait UIInterfaceOrientationPortraitUpsideDown UIInterfaceOrientationLandscapeLeft UIInterfaceOrientationLandscapeRight";
				INFOPLIST_KEY_UISupportedInterfaceOrientations_iPhone = "UIInterfaceOrientationPortrait UIInterfaceOrientationLandscapeLeft UIInterfaceOrientationLandscapeRight";
				IPHONEOS_DEPLOYMENT_TARGET = 17.5;
				LD_RUNPATH_SEARCH_PATHS = (
					"$(inherited)",
					"@executable_path/Frameworks",
				);
				MARKETING_VERSION = 1.0;
				PRODUCT_BUNDLE_IDENTIFIER = Luschevskaya.Crossword;
				PRODUCT_NAME = "$(TARGET_NAME)";
				SWIFT_EMIT_LOC_STRINGS = YES;
				SWIFT_VERSION = 5.0;
				TARGETED_DEVICE_FAMILY = "1,2";
			};
			name = Debug;
		};
		365C1C1E2C2D85D8003B884C /* Release */ = {
			isa = XCBuildConfiguration;
			buildSettings = {
				ASSETCATALOG_COMPILER_APPICON_NAME = AppIcon;
				ASSETCATALOG_COMPILER_GLOBAL_ACCENT_COLOR_NAME = AccentColor;
				CODE_SIGN_STYLE = Automatic;
				CURRENT_PROJECT_VERSION = 1;
				DEVELOPMENT_ASSET_PATHS = "\"Crossword/Preview Content\"";
				DEVELOPMENT_TEAM = KM89XCVX94;
				ENABLE_PREVIEWS = YES;
				GENERATE_INFOPLIST_FILE = YES;
				INFOPLIST_KEY_UIApplicationSceneManifest_Generation = YES;
				INFOPLIST_KEY_UIApplicationSupportsIndirectInputEvents = YES;
				INFOPLIST_KEY_UILaunchScreen_Generation = YES;
				INFOPLIST_KEY_UISupportedInterfaceOrientations_iPad = "UIInterfaceOrientationPortrait UIInterfaceOrientationPortraitUpsideDown UIInterfaceOrientationLandscapeLeft UIInterfaceOrientationLandscapeRight";
				INFOPLIST_KEY_UISupportedInterfaceOrientations_iPhone = "UIInterfaceOrientationPortrait UIInterfaceOrientationLandscapeLeft UIInterfaceOrientationLandscapeRight";
				IPHONEOS_DEPLOYMENT_TARGET = 17.5;
				LD_RUNPATH_SEARCH_PATHS = (
					"$(inherited)",
					"@executable_path/Frameworks",
				);
				MARKETING_VERSION = 1.0;
				PRODUCT_BUNDLE_IDENTIFIER = Luschevskaya.Crossword;
				PRODUCT_NAME = "$(TARGET_NAME)";
				SWIFT_EMIT_LOC_STRINGS = YES;
				SWIFT_VERSION = 5.0;
				TARGETED_DEVICE_FAMILY = "1,2";
			};
			name = Release;
		};
		365C1C202C2D85D8003B884C /* Debug */ = {
			isa = XCBuildConfiguration;
			buildSettings = {
				ALWAYS_EMBED_SWIFT_STANDARD_LIBRARIES = YES;
				BUNDLE_LOADER = "$(TEST_HOST)";
				CODE_SIGN_STYLE = Automatic;
				CURRENT_PROJECT_VERSION = 1;
				DEVELOPMENT_TEAM = KM89XCVX94;
				GENERATE_INFOPLIST_FILE = YES;
				IPHONEOS_DEPLOYMENT_TARGET = 17.5;
				MARKETING_VERSION = 1.0;
				PRODUCT_BUNDLE_IDENTIFIER = Luschevskaya.CrosswordTests;
				PRODUCT_NAME = "$(TARGET_NAME)";
				SWIFT_EMIT_LOC_STRINGS = NO;
				SWIFT_VERSION = 5.0;
				TARGETED_DEVICE_FAMILY = "1,2";
				TEST_HOST = "$(BUILT_PRODUCTS_DIR)/Crossword.app/$(BUNDLE_EXECUTABLE_FOLDER_PATH)/Crossword";
			};
			name = Debug;
		};
		365C1C212C2D85D8003B884C /* Release */ = {
			isa = XCBuildConfiguration;
			buildSettings = {
				ALWAYS_EMBED_SWIFT_STANDARD_LIBRARIES = YES;
				BUNDLE_LOADER = "$(TEST_HOST)";
				CODE_SIGN_STYLE = Automatic;
				CURRENT_PROJECT_VERSION = 1;
				DEVELOPMENT_TEAM = KM89XCVX94;
				GENERATE_INFOPLIST_FILE = YES;
				IPHONEOS_DEPLOYMENT_TARGET = 17.5;
				MARKETING_VERSION = 1.0;
				PRODUCT_BUNDLE_IDENTIFIER = Luschevskaya.CrosswordTests;
				PRODUCT_NAME = "$(TARGET_NAME)";
				SWIFT_EMIT_LOC_STRINGS = NO;
				SWIFT_VERSION = 5.0;
				TARGETED_DEVICE_FAMILY = "1,2";
				TEST_HOST = "$(BUILT_PRODUCTS_DIR)/Crossword.app/$(BUNDLE_EXECUTABLE_FOLDER_PATH)/Crossword";
			};
			name = Release;
		};
		365C1C232C2D85D8003B884C /* Debug */ = {
			isa = XCBuildConfiguration;
			buildSettings = {
				ALWAYS_EMBED_SWIFT_STANDARD_LIBRARIES = YES;
				CODE_SIGN_STYLE = Automatic;
				CURRENT_PROJECT_VERSION = 1;
				DEVELOPMENT_TEAM = KM89XCVX94;
				GENERATE_INFOPLIST_FILE = YES;
				IPHONEOS_DEPLOYMENT_TARGET = 17.5;
				MARKETING_VERSION = 1.0;
				PRODUCT_BUNDLE_IDENTIFIER = Luschevskaya.CrosswordUITests;
				PRODUCT_NAME = "$(TARGET_NAME)";
				SWIFT_EMIT_LOC_STRINGS = NO;
				SWIFT_VERSION = 5.0;
				TARGETED_DEVICE_FAMILY = "1,2";
				TEST_TARGET_NAME = Crossword;
			};
			name = Debug;
		};
		365C1C242C2D85D8003B884C /* Release */ = {
			isa = XCBuildConfiguration;
			buildSettings = {
				ALWAYS_EMBED_SWIFT_STANDARD_LIBRARIES = YES;
				CODE_SIGN_STYLE = Automatic;
				CURRENT_PROJECT_VERSION = 1;
				DEVELOPMENT_TEAM = KM89XCVX94;
				GENERATE_INFOPLIST_FILE = YES;
				IPHONEOS_DEPLOYMENT_TARGET = 17.5;
				MARKETING_VERSION = 1.0;
				PRODUCT_BUNDLE_IDENTIFIER = Luschevskaya.CrosswordUITests;
				PRODUCT_NAME = "$(TARGET_NAME)";
				SWIFT_EMIT_LOC_STRINGS = NO;
				SWIFT_VERSION = 5.0;
				TARGETED_DEVICE_FAMILY = "1,2";
				TEST_TARGET_NAME = Crossword;
			};
			name = Release;
		};
/* End XCBuildConfiguration section */

/* Begin XCConfigurationList section */
		365C1BF12C2D85D6003B884C /* Build configuration list for PBXProject "Crossword" */ = {
			isa = XCConfigurationList;
			buildConfigurations = (
				365C1C1A2C2D85D8003B884C /* Debug */,
				365C1C1B2C2D85D8003B884C /* Release */,
			);
			defaultConfigurationIsVisible = 0;
			defaultConfigurationName = Release;
		};
		365C1C1C2C2D85D8003B884C /* Build configuration list for PBXNativeTarget "Crossword" */ = {
			isa = XCConfigurationList;
			buildConfigurations = (
				365C1C1D2C2D85D8003B884C /* Debug */,
				365C1C1E2C2D85D8003B884C /* Release */,
			);
			defaultConfigurationIsVisible = 0;
			defaultConfigurationName = Release;
		};
		365C1C1F2C2D85D8003B884C /* Build configuration list for PBXNativeTarget "CrosswordTests" */ = {
			isa = XCConfigurationList;
			buildConfigurations = (
				365C1C202C2D85D8003B884C /* Debug */,
				365C1C212C2D85D8003B884C /* Release */,
			);
			defaultConfigurationIsVisible = 0;
			defaultConfigurationName = Release;
		};
		365C1C222C2D85D8003B884C /* Build configuration list for PBXNativeTarget "CrosswordUITests" */ = {
			isa = XCConfigurationList;
			buildConfigurations = (
				365C1C232C2D85D8003B884C /* Debug */,
				365C1C242C2D85D8003B884C /* Release */,
			);
			defaultConfigurationIsVisible = 0;
			defaultConfigurationName = Release;
		};
/* End XCConfigurationList section */
	};
	rootObject = 365C1BEE2C2D85D6003B884C /* Project object */;
}
